
Microsoft Visual Studio Solution File, Format Version 12.00
# Visual Studio 15
VisualStudioVersion = 15.0.26730.16
MinimumVisualStudioVersion = 10.0.40219.1
Project("{FAE04EC0-301F-11D3-BF4B-00C04F79EFBC}") = "StarFishWebsite", "StarFishWebsite\StarFishWebsite.csproj", "{FB13B365-A78D-4B32-9453-60F34C94B5B5}"
EndProject
Global
	GlobalSection(SolutionConfigurationPlatforms) = preSolution
		Debug|Any CPU = Debug|Any CPU
		Release|Any CPU = Release|Any CPU
	EndGlobalSection
	GlobalSection(ProjectConfigurationPlatforms) = postSolution
		{FB13B365-A78D-4B32-9453-60F34C94B5B5}.Debug|Any CPU.ActiveCfg = Debug|Any CPU
		{FB13B365-A78D-4B32-9453-60F34C94B5B5}.Debug|Any CPU.Build.0 = Debug|Any CPU
		{FB13B365-A78D-4B32-9453-60F34C94B5B5}.Release|Any CPU.ActiveCfg = Release|Any CPU
		{FB13B365-A78D-4B32-9453-60F34C94B5B5}.Release|Any CPU.Build.0 = Release|Any CPU
	EndGlobalSection
	GlobalSection(SolutionProperties) = preSolution
		HideSolutionNode = FALSE
	EndGlobalSection
	GlobalSection(ExtensibilityGlobals) = postSolution
		SolutionGuid = {B75FE7B9-857F-456E-91A1-1A5ED2A09565}
	EndGlobalSection
EndGlobal
